
Microsoft Visual Studio Solution File, Format Version 12.00
# Visual Studio 15
Project("{FAE04EC0-301F-11D3-BF4B-00C04F79EFBC}") = "ZoomBindings", "ZoomBindings\ZoomBindings.csproj", "{5E2D9C37-1A79-4F23-A6D3-8B5A500E79BD}"
EndProject
Project("{FAE04EC0-301F-11D3-BF4B-00C04F79EFBC}") = "GenerateZoomBindingsMetadata", "GenerateZoomBindingsMetadata\GenerateZoomBindingsMetadata.csproj", "{006CA91F-1DD0-4A86-8F32-81EE995B14F4}"
EndProject
Project("{FAE04EC0-301F-11D3-BF4B-00C04F79EFBC}") = "ZoomDemo", "ZoomDemo\ZoomDemo.csproj", "{E59F7BCD-B1EE-4200-B388-F1C13F110526}"
EndProject
Project("{FAE04EC0-301F-11D3-BF4B-00C04F79EFBC}") = "ZoomUtils", "ZoomUtils\ZoomUtils.csproj", "{0EF25B9A-32AE-4D41-85E7-07CEA481DB66}"
EndProject
Global
	GlobalSection(SolutionConfigurationPlatforms) = preSolution
		Debug|Any CPU = Debug|Any CPU
		Release|Any CPU = Release|Any CPU
	EndGlobalSection
	GlobalSection(ProjectConfigurationPlatforms) = postSolution
		{5E2D9C37-1A79-4F23-A6D3-8B5A500E79BD}.Debug|Any CPU.ActiveCfg = Debug|Any CPU
		{5E2D9C37-1A79-4F23-A6D3-8B5A500E79BD}.Debug|Any CPU.Build.0 = Debug|Any CPU
		{5E2D9C37-1A79-4F23-A6D3-8B5A500E79BD}.Release|Any CPU.ActiveCfg = Release|Any CPU
		{5E2D9C37-1A79-4F23-A6D3-8B5A500E79BD}.Release|Any CPU.Build.0 = Release|Any CPU
		{006CA91F-1DD0-4A86-8F32-81EE995B14F4}.Debug|Any CPU.ActiveCfg = Debug|Any CPU
		{006CA91F-1DD0-4A86-8F32-81EE995B14F4}.Debug|Any CPU.Build.0 = Debug|Any CPU
		{006CA91F-1DD0-4A86-8F32-81EE995B14F4}.Release|Any CPU.ActiveCfg = Release|Any CPU
		{006CA91F-1DD0-4A86-8F32-81EE995B14F4}.Release|Any CPU.Build.0 = Release|Any CPU
		{E59F7BCD-B1EE-4200-B388-F1C13F110526}.Debug|Any CPU.ActiveCfg = Debug|Any CPU
		{E59F7BCD-B1EE-4200-B388-F1C13F110526}.Debug|Any CPU.Build.0 = Debug|Any CPU
		{E59F7BCD-B1EE-4200-B388-F1C13F110526}.Release|Any CPU.ActiveCfg = Release|Any CPU
		{E59F7BCD-B1EE-4200-B388-F1C13F110526}.Release|Any CPU.Build.0 = Release|Any CPU
		{0EF25B9A-32AE-4D41-85E7-07CEA481DB66}.Debug|Any CPU.ActiveCfg = Debug|Any CPU
		{0EF25B9A-32AE-4D41-85E7-07CEA481DB66}.Debug|Any CPU.Build.0 = Debug|Any CPU
		{0EF25B9A-32AE-4D41-85E7-07CEA481DB66}.Release|Any CPU.ActiveCfg = Release|Any CPU
		{0EF25B9A-32AE-4D41-85E7-07CEA481DB66}.Release|Any CPU.Build.0 = Release|Any CPU
	EndGlobalSection
EndGlobal
